{
  "name": "KendoProject",
  "lockfileVersion": 3,
  "requires": true,
  "packages": {
    "": {
      "dependencies": {
        "@progress/kendo-ui": "^2024.1.319"
      }
    },
    "node_modules/@progress/kendo-ui": {
      "version": "2024.1.319",
      "resolved": "https://registry.npmjs.org/@progress/kendo-ui/-/kendo-ui-2024.1.319.tgz",
      "integrity": "sha512-94Hh5RG7w1w/uerq7Uc2Q4g5eG20axVdHSbS2wFg8hhXX1vhBLv03Bwv5kuux4sWz52PCA5JuXQHMjPJ/D1Cdw==",
      "dependencies": {
        "jquery": "1.10.0 - 3.7"
      }
    },
    "node_modules/jquery": {
      "version": "3.7.1",
      "resolved": "https://registry.npmjs.org/jquery/-/jquery-3.7.1.tgz",
      "integrity": "sha512-m4avr8yL8kmFN8psrbFFFmB/If14iN5o9nw/NgnnM+kybDJpRsAynV2BsfpTYrTRysYUdADVD7CkUUizgkpLfg=="
    }
  }
}
